{
  "name": "opencode",
  "lockfileVersion": 3,
  "requires": true,
  "packages": {
    "": {
      "dependencies": {
        "@opencode-ai/plugin": "1.4.3",
        "opencode-openai-codex-auth": "code-yeongyu/opencode-openai-codex-auth#f0782c418c447affcbc05945513e6ead419cf6b9"
      }
    },
    "node_modules/@openauthjs/openauth": {
      "version": "0.4.3",
      "dependencies": {
        "@standard-schema/spec": "1.0.0-beta.3",
        "aws4fetch": "1.0.20",
        "jose": "5.9.6"
      },
      "peerDependencies": {
        "arctic": "^2.2.2",
        "hono": "^4.0.0"
      }
    },
    "node_modules/@opencode-ai/plugin": {
      "version": "1.4.3",
      "license": "MIT",
      "dependencies": {
        "@opencode-ai/sdk": "1.4.3",
        "zod": "4.1.8"
      },
      "peerDependencies": {
        "@opentui/core": ">=0.1.97",
        "@opentui/solid": ">=0.1.97"
      },
      "peerDependenciesMeta": {
        "@opentui/core": {
          "optional": true
        },
        "@opentui/solid": {
          "optional": true
        }
      }
    },
    "node_modules/@opencode-ai/sdk": {
      "version": "1.4.3",
      "license": "MIT",
      "dependencies": {
        "cross-spawn": "7.0.6"
      }
    },
    "node_modules/@oslojs/asn1": {
      "version": "1.0.0",
      "license": "MIT",
      "peer": true,
      "dependencies": {
        "@oslojs/binary": "1.0.0"
      }
    },
    "node_modules/@oslojs/binary": {
      "version": "1.0.0",
      "license": "MIT",
      "peer": true
    },
    "node_modules/@oslojs/crypto": {
      "version": "1.0.1",
      "license": "MIT",
      "peer": true,
      "dependencies": {
        "@oslojs/asn1": "1.0.0",
        "@oslojs/binary": "1.0.0"
      }
    },
    "node_modules/@oslojs/encoding": {
      "version": "1.1.0",
      "license": "MIT",
      "peer": true
    },
    "node_modules/@oslojs/jwt": {
      "version": "0.2.0",
      "license": "MIT",
      "peer": true,
      "dependencies": {
        "@oslojs/encoding": "0.4.1"
      }
    },
    "node_modules/@oslojs/jwt/node_modules/@oslojs/encoding": {
      "version": "0.4.1",
      "license": "MIT",
      "peer": true
    },
    "node_modules/@standard-schema/spec": {
      "version": "1.0.0-beta.3",
      "license": "MIT"
    },
    "node_modules/arctic": {
      "version": "2.3.4",
      "license": "MIT",
      "peer": true,
      "dependencies": {
        "@oslojs/crypto": "1.0.1",
        "@oslojs/encoding": "1.1.0",
        "@oslojs/jwt": "0.2.0"
      }
    },
    "node_modules/aws4fetch": {
      "version": "1.0.20",
      "license": "MIT"
    },
    "node_modules/cross-spawn": {
      "version": "7.0.6",
      "license": "MIT",
      "dependencies": {
        "path-key": "^3.1.0",
        "shebang-command": "^2.0.0",
        "which": "^2.0.1"
      },
      "engines": {
        "node": ">= 8"
      }
    },
    "node_modules/hono": {
      "version": "4.11.4",
      "license": "MIT",
      "engines": {
        "node": ">=16.9.0"
      }
    },
    "node_modules/isexe": {
      "version": "2.0.0",
      "license": "ISC"
    },
    "node_modules/jose": {
      "version": "5.9.6",
      "license": "MIT",
      "funding": {
        "url": "https://github.com/sponsors/panva"
      }
    },
    "node_modules/opencode-openai-codex-auth": {
      "version": "4.1.0",
      "resolved": "git+ssh://git@github.com/code-yeongyu/opencode-openai-codex-auth.git#f0782c418c447affcbc05945513e6ead419cf6b9",
      "integrity": "sha512-Q8rS26jXBoCxu4kbu6mCOQuRM2QcyZ8NbTUBGNlNyUoHA3zl0t3MDZYGZ+EWkMjKRn9CvFtUIN+nMJJT/mo3+g==",
      "license": "MIT",
      "dependencies": {
        "@openauthjs/openauth": "^0.4.3",
        "hono": "^4.10.4"
      },
      "engines": {
        "node": ">=20.0.0"
      },
      "peerDependencies": {
        "@opencode-ai/plugin": "^1.0.150"
      }
    },
    "node_modules/path-key": {
      "version": "3.1.1",
      "license": "MIT",
      "engines": {
        "node": ">=8"
      }
    },
    "node_modules/shebang-command": {
      "version": "2.0.0",
      "license": "MIT",
      "dependencies": {
        "shebang-regex": "^3.0.0"
      },
      "engines": {
        "node": ">=8"
      }
    },
    "node_modules/shebang-regex": {
      "version": "3.0.0",
      "license": "MIT",
      "engines": {
        "node": ">=8"
      }
    },
    "node_modules/which": {
      "version": "2.0.2",
      "license": "ISC",
      "dependencies": {
        "isexe": "^2.0.0"
      },
      "bin": {
        "node-which": "bin/node-which"
      },
      "engines": {
        "node": ">= 8"
      }
    },
    "node_modules/zod": {
      "version": "4.1.8",
      "license": "MIT",
      "funding": {
        "url": "https://github.com/sponsors/colinhacks"
      }
    }
  }
}
